
Microsoft Visual Studio Solution File, Format Version 12.00
# Visual Studio Version 17
VisualStudioVersion = 17.13.35931.197 d17.13
MinimumVisualStudioVersion = 10.0.40219.1
Project("{FAE04EC0-301F-11D3-BF4B-00C04F79EFBC}") = "WebApplication1", "WebApplication1\WebApplication1.csproj", "{29DDF93F-D4C5-4E1D-B4AD-8A175FD7EEE7}"
EndProject
Global
	GlobalSection(SolutionConfigurationPlatforms) = preSolution
		Debug|Any CPU = Debug|Any CPU
		Release|Any CPU = Release|Any CPU
	EndGlobalSection
	GlobalSection(ProjectConfigurationPlatforms) = postSolution
		{29DDF93F-D4C5-4E1D-B4AD-8A175FD7EEE7}.Debug|Any CPU.ActiveCfg = Debug|Any CPU
		{29DDF93F-D4C5-4E1D-B4AD-8A175FD7EEE7}.Debug|Any CPU.Build.0 = Debug|Any CPU
		{29DDF93F-D4C5-4E1D-B4AD-8A175FD7EEE7}.Release|Any CPU.ActiveCfg = Release|Any CPU
		{29DDF93F-D4C5-4E1D-B4AD-8A175FD7EEE7}.Release|Any CPU.Build.0 = Release|Any CPU
	EndGlobalSection
	GlobalSection(SolutionProperties) = preSolution
		HideSolutionNode = FALSE
	EndGlobalSection
	GlobalSection(ExtensibilityGlobals) = postSolution
		SolutionGuid = {8B2C1BD0-8995-4EAD-B211-A580D06106E1}
	EndGlobalSection
EndGlobal
